// !$*UTF8*$!
{
	archiveVersion = 1;
	classes = {
	};
	objectVersion = 46;
	objects = {

/* Begin PBXBuildFile section */
		AACE584F1AAB9442003A84C9 /* AppDelegate.swift in Sources */ = {isa = PBXBuildFile; fileRef = AACE584E1AAB9442003A84C9 /* AppDelegate.swift */; };
		AACE58511AAB9442003A84C9 /* ViewController.swift in Sources */ = {isa = PBXBuildFile; fileRef = AACE58501AAB9442003A84C9 /* ViewController.swift */; };
		AACE58541AAB9442003A84C9 /* Main.storyboard in Resources */ = {isa = PBXBuildFile; fileRef = AACE58521AAB9442003A84C9 /* Main.storyboard */; };
		AACE58561AAB9442003A84C9 /* Images.xcassets in Resources */ = {isa = PBXBuildFile; fileRef = AACE58551AAB9442003A84C9 /* Images.xcassets */; };
		AACE58591AAB9442003A84C9 /* LaunchScreen.xib in Resources */ = {isa = PBXBuildFile; fileRef = AACE58571AAB9442003A84C9 /* LaunchScreen.xib */; };
		AACE58651AAB9442003A84C9 /* PostcardTests.swift in Sources */ = {isa = PBXBuildFile; fileRef = AACE58641AAB9442003A84C9 /* PostcardTests.swift */; };
/* End PBXBuildFile section */

/* Begin PBXContainerItemProxy section */
		AACE585F1AAB9442003A84C9 /* PBXContainerItemProxy */ = {
			isa = PBXContainerItemProxy;
			containerPortal = AACE58411AAB9441003A84C9 /* Project object */;
			proxyType = 1;
			remoteGlobalIDString = AACE58481AAB9442003A84C9;
			remoteInfo = Postcard;
		};
/* End PBXContainerItemProxy section */

/* Begin PBXFileReference section */
		AACE58491AAB9442003A84C9 /* Postcard.app */ = {isa = PBXFileReference; explicitFileType = wrapper.application; includeInIndex = 0; path = Postcard.app; sourceTree = BUILT_PRODUCTS_DIR; };
		AACE584D1AAB9442003A84C9 /* Info.plist */ = {isa = PBXFileReference; lastKnownFileType = text.plist.xml; path = Info.plist; sourceTree = "<group>"; };
		AACE584E1AAB9442003A84C9 /* AppDelegate.swift */ = {isa = PBXFileReference; lastKnownFileType = sourcecode.swift; path = AppDelegate.swift; sourceTree = "<group>"; };
		AACE58501AAB9442003A84C9 /* ViewController.swift */ = {isa = PBXFileReference; lastKnownFileType = sourcecode.swift; path = ViewController.swift; sourceTree = "<group>"; };
		AACE58531AAB9442003A84C9 /* Base */ = {isa = PBXFileReference; lastKnownFileType = file.storyboard; name = Base; path = Base.lproj/Main.storyboard; sourceTree = "<group>"; };
		AACE58551AAB9442003A84C9 /* Images.xcassets */ = {isa = PBXFileReference; lastKnownFileType = folder.assetcatalog; path = Images.xcassets; sourceTree = "<group>"; };
		AACE58581AAB9442003A84C9 /* Base */ = {isa = PBXFileReference; lastKnownFileType = file.xib; name = Base; path = Base.lproj/LaunchScreen.xib; sourceTree = "<group>"; };
		AACE585E1AAB9442003A84C9 /* PostcardTests.xctest */ = {isa = PBXFileReference; explicitFileType = wrapper.cfbundle; includeInIndex = 0; path = PostcardTests.xctest; sourceTree = BUILT_PRODUCTS_DIR; };
		AACE58631AAB9442003A84C9 /* Info.plist */ = {isa = PBXFileReference; lastKnownFileType = text.plist.xml; path = Info.plist; sourceTree = "<group>"; };
		AACE58641AAB9442003A84C9 /* PostcardTests.swift */ = {isa = PBXFileReference; lastKnownFileType = sourcecode.swift; path = PostcardTests.swift; sourceTree = "<group>"; };
/* End PBXFileReference section */

/* Begin PBXFrameworksBuildPhase section */
		AACE58461AAB9442003A84C9 /* Frameworks */ = {
			isa = PBXFrameworksBuildPhase;
			buildActionMask = 2147483647;
			files = (
			);
			runOnlyForDeploymentPostprocessing = 0;
		};
		AACE585B1AAB9442003A84C9 /* Frameworks */ = {
			isa = PBXFrameworksBuildPhase;
			buildActionMask = 2147483647;
			files = (
			);
			runOnlyForDeploymentPostprocessing = 0;
		};
/* End PBXFrameworksBuildPhase section */

/* Begin PBXGroup section */
		AACE58401AAB9441003A84C9 = {
			isa = PBXGroup;
			children = (
				AACE584B1AAB9442003A84C9 /* Postcard */,
				AACE58611AAB9442003A84C9 /* PostcardTests */,
				AACE584A1AAB9442003A84C9 /* Products */,
			);
			sourceTree = "<group>";
		};
		AACE584A1AAB9442003A84C9 /* Products */ = {
			isa = PBXGroup;
			children = (
				AACE58491AAB9442003A84C9 /* Postcard.app */,
				AACE585E1AAB9442003A84C9 /* PostcardTests.xctest */,
			);
			name = Products;
			sourceTree = "<group>";
		};
		AACE584B1AAB9442003A84C9 /* Postcard */ = {
			isa = PBXGroup;
			children = (
				AACE584E1AAB9442003A84C9 /* AppDelegate.swift */,
				AACE58501AAB9442003A84C9 /* ViewController.swift */,
				AACE58521AAB9442003A84C9 /* Main.storyboard */,
				AACE58551AAB9442003A84C9 /* Images.xcassets */,
				AACE58571AAB9442003A84C9 /* LaunchScreen.xib */,
				AACE584C1AAB9442003A84C9 /* Supporting Files */,
			);
			path = Postcard;
			sourceTree = "<group>";
		};
		AACE584C1AAB9442003A84C9 /* Supporting Files */ = {
			isa = PBXGroup;
			children = (
				AACE584D1AAB9442003A84C9 /* Info.plist */,
			);
			name = "Supporting Files";
			sourceTree = "<group>";
		};
		AACE58611AAB9442003A84C9 /* PostcardTests */ = {
			isa = PBXGroup;
			children = (
				AACE58641AAB9442003A84C9 /* PostcardTests.swift */,
				AACE58621AAB9442003A84C9 /* Supporting Files */,
			);
			path = PostcardTests;
			sourceTree = "<group>";
		};
		AACE58621AAB9442003A84C9 /* Supporting Files */ = {
			isa = PBXGroup;
			children = (
				AACE58631AAB9442003A84C9 /* Info.plist */,
			);
			name = "Supporting Files";
			sourceTree = "<group>";
		};
/* End PBXGroup section */

/* Begin PBXNativeTarget section */
		AACE58481AAB9442003A84C9 /* Postcard */ = {
			isa = PBXNativeTarget;
			buildConfigurationList = AACE58681AAB9442003A84C9 /* Build configuration list for PBXNativeTarget "Postcard" */;
			buildPhases = (
				AACE58451AAB9442003A84C9 /* Sources */,
				AACE58461AAB9442003A84C9 /* Frameworks */,
				AACE58471AAB9442003A84C9 /* Resources */,
			);
			buildRules = (
			);
			dependencies = (
			);
			name = Postcard;
			productName = Postcard;
			productReference = AACE58491AAB9442003A84C9 /* Postcard.app */;
			productType = "com.apple.product-type.application";
		};
		AACE585D1AAB9442003A84C9 /* PostcardTests */ = {
			isa = PBXNativeTarget;
			buildConfigurationList = AACE586B1AAB9442003A84C9 /* Build configuration list for PBXNativeTarget "PostcardTests" */;
			buildPhases = (
				AACE585A1AAB9442003A84C9 /* Sources */,
				AACE585B1AAB9442003A84C9 /* Frameworks */,
				AACE585C1AAB9442003A84C9 /* Resources */,
			);
			buildRules = (
			);
			dependencies = (
				AACE58601AAB9442003A84C9 /* PBXTargetDependency */,
			);
			name = PostcardTests;
			productName = PostcardTests;
			productReference = AACE585E1AAB9442003A84C9 /* PostcardTests.xctest */;
			productType = "com.apple.product-type.bundle.unit-test";
		};
/* End PBXNativeTarget section */

/* Begin PBXProject section */
		AACE58411AAB9441003A84C9 /* Project object */ = {
			isa = PBXProject;
			attributes = {
				LastUpgradeCheck = 0610;
				ORGANIZATIONNAME = "Andre Mueller";
				TargetAttributes = {
					AACE58481AAB9442003A84C9 = {
						CreatedOnToolsVersion = 6.1.1;
					};
					AACE585D1AAB9442003A84C9 = {
						CreatedOnToolsVersion = 6.1.1;
						TestTargetID = AACE58481AAB9442003A84C9;
					};
				};
			};
			buildConfigurationList = AACE58441AAB9441003A84C9 /* Build configuration list for PBXProject "Postcard" */;
			compatibilityVersion = "Xcode 3.2";
			developmentRegion = English;
			hasScannedForEncodings = 0;
			knownRegions = (
				en,
				Base,
			);
			mainGroup = AACE58401AAB9441003A84C9;
			productRefGroup = AACE584A1AAB9442003A84C9 /* Products */;
			projectDirPath = "";
			projectRoot = "";
			targets = (
				AACE58481AAB9442003A84C9 /* Postcard */,
				AACE585D1AAB9442003A84C9 /* PostcardTests */,
			);
		};
/* End PBXProject section */

/* Begin PBXResourcesBuildPhase section */
		AACE58471AAB9442003A84C9 /* Resources */ = {
			isa = PBXResourcesBuildPhase;
			buildActionMask = 2147483647;
			files = (
				AACE58541AAB9442003A84C9 /* Main.storyboard in Resources */,
				AACE58591AAB9442003A84C9 /* LaunchScreen.xib in Resources */,
				AACE58561AAB9442003A84C9 /* Images.xcassets in Resources */,
			);
			runOnlyForDeploymentPostprocessing = 0;
		};
		AACE585C1AAB9442003A84C9 /* Resources */ = {
			isa = PBXResourcesBuildPhase;
			buildActionMask = 2147483647;
			files = (
			);
			runOnlyForDeploymentPostprocessing = 0;
		};
/* End PBXResourcesBuildPhase section */

/* Begin PBXSourcesBuildPhase section */
		AACE58451AAB9442003A84C9 /* Sources */ = {
			isa = PBXSourcesBuildPhase;
			buildActionMask = 2147483647;
			files = (
				AACE58511AAB9442003A84C9 /* ViewController.swift in Sources */,
				AACE584F1AAB9442003A84C9 /* AppDelegate.swift in Sources */,
			);
			runOnlyForDeploymentPostprocessing = 0;
		};
		AACE585A1AAB9442003A84C9 /* Sources */ = {
			isa = PBXSourcesBuildPhase;
			buildActionMask = 2147483647;
			files = (
				AACE58651AAB9442003A84C9 /* PostcardTests.swift in Sources */,
			);
			runOnlyForDeploymentPostprocessing = 0;
		};
/* End PBXSourcesBuildPhase section */

/* Begin PBXTargetDependency section */
		AACE58601AAB9442003A84C9 /* PBXTargetDependency */ = {
			isa = PBXTargetDependency;
			target = AACE58481AAB9442003A84C9 /* Postcard */;
			targetProxy = AACE585F1AAB9442003A84C9 /* PBXContainerItemProxy */;
		};
/* End PBXTargetDependency section */

/* Begin PBXVariantGroup section */
		AACE58521AAB9442003A84C9 /* Main.storyboard */ = {
			isa = PBXVariantGroup;
			children = (
				AACE58531AAB9442003A84C9 /* Base */,
			);
			name = Main.storyboard;
			sourceTree = "<group>";
		};
		AACE58571AAB9442003A84C9 /* LaunchScreen.xib */ = {
			isa = PBXVariantGroup;
			children = (
				AACE58581AAB9442003A84C9 /* Base */,
			);
			name = LaunchScreen.xib;
			sourceTree = "<group>";
		};
/* End PBXVariantGroup section */

/* Begin XCBuildConfiguration section */
		AACE58661AAB9442003A84C9 /* Debug */ = {
			isa = XCBuildConfiguration;
			buildSettings = {
				ALWAYS_SEARCH_USER_PATHS = NO;
				CLANG_CXX_LANGUAGE_STANDARD = "gnu++0x";
				CLANG_CXX_LIBRARY = "libc++";
				CLANG_ENABLE_MODULES = YES;
				CLANG_ENABLE_OBJC_ARC = YES;
				CLANG_WARN_BOOL_CONVERSION = YES;
				CLANG_WARN_CONSTANT_CONVERSION = YES;
				CLANG_WARN_DIRECT_OBJC_ISA_USAGE = YES_ERROR;
				CLANG_WARN_EMPTY_BODY = YES;
				CLANG_WARN_ENUM_CONVERSION = YES;
				CLANG_WARN_INT_CONVERSION = YES;
				CLANG_WARN_OBJC_ROOT_CLASS = YES_ERROR;
				CLANG_WARN_UNREACHABLE_CODE = YES;
				CLANG_WARN__DUPLICATE_METHOD_MATCH = YES;
				"CODE_SIGN_IDENTITY[sdk=iphoneos*]" = "iPhone Developer";
				COPY_PHASE_STRIP = NO;
				ENABLE_STRICT_OBJC_MSGSEND = YES;
				GCC_C_LANGUAGE_STANDARD = gnu99;
				GCC_DYNAMIC_NO_PIC = NO;
				GCC_OPTIMIZATION_LEVEL = 0;
				GCC_PREPROCESSOR_DEFINITIONS = (
					"DEBUG=1",
					"$(inherited)",
				);
				GCC_SYMBOLS_PRIVATE_EXTERN = NO;
				GCC_WARN_64_TO_32_BIT_CONVERSION = YES;
				GCC_WARN_ABOUT_RETURN_TYPE = YES_ERROR;
				GCC_WARN_UNDECLARED_SELECTOR = YES;
				GCC_WARN_UNINITIALIZED_AUTOS = YES_AGGRESSIVE;
				GCC_WARN_UNUSED_FUNCTION = YES;
				GCC_WARN_UNUSED_VARIABLE = YES;
				IPHONEOS_DEPLOYMENT_TARGET = 8.1;
				MTL_ENABLE_DEBUG_INFO = YES;
				ONLY_ACTIVE_ARCH = YES;
				SDKROOT = iphoneos;
				SWIFT_OPTIMIZATION_LEVEL = "-Onone";
				TARGETED_DEVICE_FAMILY = "1,2";
			};
			name = Debug;
		};
		AACE58671AAB9442003A84C9 /* Release */ = {
			isa = XCBuildConfiguration;
			buildSettings = {
				ALWAYS_SEARCH_USER_PATHS = NO;
				CLANG_CXX_LANGUAGE_STANDARD = "gnu++0x";
				CLANG_CXX_LIBRARY = "libc++";
				CLANG_ENABLE_MODULES = YES;
				CLANG_ENABLE_OBJC_ARC = YES;
				CLANG_WARN_BOOL_CONVERSION = YES;
				CLANG_WARN_CONSTANT_CONVERSION = YES;
				CLANG_WARN_DIRECT_OBJC_ISA_USAGE = YES_ERROR;
				CLANG_WARN_EMPTY_BODY = YES;
				CLANG_WARN_ENUM_CONVERSION = YES;
				CLANG_WARN_INT_CONVERSION = YES;
				CLANG_WARN_OBJC_ROOT_CLASS = YES_ERROR;
				CLANG_WARN_UNREACHABLE_CODE = YES;
				CLANG_WARN__DUPLICATE_METHOD_MATCH = YES;
				"CODE_SIGN_IDENTITY[sdk=iphoneos*]" = "iPhone Developer";
				COPY_PHASE_STRIP = YES;
				ENABLE_NS_ASSERTIONS = NO;
				ENABLE_STRICT_OBJC_MSGSEND = YES;
				GCC_C_LANGUAGE_STANDARD = gnu99;
				GCC_WARN_64_TO_32_BIT_CONVERSION = YES;
				GCC_WARN_ABOUT_RETURN_TYPE = YES_ERROR;
				GCC_WARN_UNDECLARED_SELECTOR = YES;
				GCC_WARN_UNINITIALIZED_AUTOS = YES_AGGRESSIVE;
				GCC_WARN_UNUSED_FUNCTION = YES;
				GCC_WARN_UNUSED_VARIABLE = YES;
				IPHONEOS_DEPLOYMENT_TARGET = 8.1;
				MTL_ENABLE_DEBUG_INFO = NO;
				SDKROOT = iphoneos;
				TARGETED_DEVICE_FAMILY = "1,2";
				VALIDATE_PRODUCT = YES;
			};
			name = Release;
		};
		AACE58691AAB9442003A84C9 /* Debug */ = {
			isa = XCBuildConfiguration;
			buildSettings = {
				ASSETCATALOG_COMPILER_APPICON_NAME = AppIcon;
				INFOPLIST_FILE = Postcard/Info.plist;
				LD_RUNPATH_SEARCH_PATHS = "$(inherited) @executable_path/Frameworks";
				PRODUCT_NAME = "$(TARGET_NAME)";
			};
			name = Debug;
		};
		AACE586A1AAB9442003A84C9 /* Release */ = {
			isa = XCBuildConfiguration;
			buildSettings = {
				ASSETCATALOG_COMPILER_APPICON_NAME = AppIcon;
				INFOPLIST_FILE = Postcard/Info.plist;
				LD_RUNPATH_SEARCH_PATHS = "$(inherited) @executable_path/Frameworks";
				PRODUCT_NAME = "$(TARGET_NAME)";
			};
			name = Release;
		};
		AACE586C1AAB9442003A84C9 /* Debug */ = {
			isa = XCBuildConfiguration;
			buildSettings = {
				BUNDLE_LOADER = "$(TEST_HOST)";
				FRAMEWORK_SEARCH_PATHS = (
					"$(SDKROOT)/Developer/Library/Frameworks",
					"$(inherited)",
				);
				GCC_PREPROCESSOR_DEFINITIONS = (
					"DEBUG=1",
					"$(inherited)",
				);
				INFOPLIST_FILE = PostcardTests/Info.plist;
				LD_RUNPATH_SEARCH_PATHS = "$(inherited) @executable_path/Frameworks @loader_path/Frameworks";
				PRODUCT_NAME = "$(TARGET_NAME)";
				TEST_HOST = "$(BUILT_PRODUCTS_DIR)/Postcard.app/Postcard";
			};
			name = Debug;
		};
		AACE586D1AAB9442003A84C9 /* Release */ = {
			isa = XCBuildConfiguration;
			buildSettings = {
				BUNDLE_LOADER = "$(TEST_HOST)";
				FRAMEWORK_SEARCH_PATHS = (
					"$(SDKROOT)/Developer/Library/Frameworks",
					"$(inherited)",
				);
				INFOPLIST_FILE = PostcardTests/Info.plist;
				LD_RUNPATH_SEARCH_PATHS = "$(inherited) @executable_path/Frameworks @loader_path/Frameworks";
				PRODUCT_NAME = "$(TARGET_NAME)";
				TEST_HOST = "$(BUILT_PRODUCTS_DIR)/Postcard.app/Postcard";
			};
			name = Release;
		};
/* End XCBuildConfiguration section */

/* Begin XCConfigurationList section */
		AACE58441AAB9441003A84C9 /* Build configuration list for PBXProject "Postcard" */ = {
			isa = XCConfigurationList;
			buildConfigurations = (
				AACE58661AAB9442003A84C9 /* Debug */,
				AACE58671AAB9442003A84C9 /* Release */,
			);
			defaultConfigurationIsVisible = 0;
			defaultConfigurationName = Release;
		};
		AACE58681AAB9442003A84C9 /* Build configuration list for PBXNativeTarget "Postcard" */ = {
			isa = XCConfigurationList;
			buildConfigurations = (
				AACE58691AAB9442003A84C9 /* Debug */,
				AACE586A1AAB9442003A84C9 /* Release */,
			);
			defaultConfigurationIsVisible = 0;
		};
		AACE586B1AAB9442003A84C9 /* Build configuration list for PBXNativeTarget "PostcardTests" */ = {
			isa = XCConfigurationList;
			buildConfigurations = (
				AACE586C1AAB9442003A84C9 /* Debug */,
				AACE586D1AAB9442003A84C9 /* Release */,
			);
			defaultConfigurationIsVisible = 0;
		};
/* End XCConfigurationList section */
	};
	rootObject = AACE58411AAB9441003A84C9 /* Project object */;
}
